<Solution>
  <Folder Name="/Solution Items/">
    <File Path=".editorconfig" />
  </Folder>
  <Project Path="src/Solace.Analyzer/Solace.Analyzer.csproj" />
  <Project Path="src/Solace.ApiServer/Solace.ApiServer.csproj" />
  <Project Path="src/Solace.AppHost/Solace.AppHost.csproj" />
  <Project Path="src/Solace.AuthServer/Solace.AuthServer.csproj" />
  <Project Path="src/Solace.BuildplateRenderer/Solace.BuildplateRenderer.csproj" />
  <Project Path="src/Solace.Buildplate/Solace.Buildplate.csproj" />
  <Project Path="src/Solace.BuildplateImporter/Solace.BuildplateImporter.csproj" />
  <Project Path="src/Solace.Cdn/Solace.Cdn.csproj" />
  <Project Path="src/Solace.Common/Solace.Common.csproj" />
  <Project Path="src/Solace.Common.Asp/Solace.Common.Asp.csproj" />
  <Project Path="src/Solace.EventBus/Solace.EventBus.csproj" />
  <Project Path="src/Solace.Db.Earth/Solace.Db.Earth.csproj" />
  <Project Path="src/Solace.EventBus.Client/Solace.EventBus.Client.csproj" />
  <Project Path="src/Solace.EventBus.Server/Solace.EventBus.Server.csproj" />
  <Project Path="src/Solace.KillHelper/Solace.KillHelper.csproj" />
  <Project Path="src/Solace.Launcher/Solace.Launcher.csproj" />
  <Project Path="src/Solace.Locator/Solace.Locator.csproj" />
  <Project Path="src/Solace.ObjectStore.Client/Solace.ObjectStore.Client.csproj" />
  <Project Path="src/Solace.ObjectStore.Server/Solace.ObjectStore.Server.csproj" />
  <Project Path="src/Solace.PreviewGenerator/Solace.PreviewGenerator.csproj" />
  <Project Path="src/Solace.ServiceDefaults/Solace.ServiceDefaults.csproj" />
  <Project Path="src/Solace.StaticData/Solace.StaticData.csproj" />
  <Project Path="src/Solace.TappablesGenerator/Solace.TappablesGenerator.csproj" />
  <Project Path="src/Solace.TileRenderer/Solace.TileRenderer.csproj" />
  <Project Path="src/Solace.WebPortal/Solace.WebPortal.csproj" />
  <Project Path="src/Solace.WebPortal.Client/Solace.WebPortal.Client.csproj" />
  <Project Path="src/Solace.WebPortal.Common/Solace.WebPortal.Common.csproj" />
</Solution>
